
Microsoft Visual Studio Solution File, Format Version 12.00
# Visual Studio Version 17
VisualStudioVersion = 17.6.33417.168
MinimumVisualStudioVersion = 10.0.40219.1
Project("{9A19103F-16F7-4668-BE54-9A1E7A4F7556}") = "5", "5.csproj", "{B3549FF4-72F2-4DD9-9184-C5130150AA3A}"
EndProject
Global
	GlobalSection(SolutionConfigurationPlatforms) = preSolution
		Debug|Any CPU = Debug|Any CPU
		Release|Any CPU = Release|Any CPU
	EndGlobalSection
	GlobalSection(ProjectConfigurationPlatforms) = postSolution
		{B3549FF4-72F2-4DD9-9184-C5130150AA3A}.Debug|Any CPU.ActiveCfg = Debug|Any CPU
		{B3549FF4-72F2-4DD9-9184-C5130150AA3A}.Debug|Any CPU.Build.0 = Debug|Any CPU
		{B3549FF4-72F2-4DD9-9184-C5130150AA3A}.Release|Any CPU.ActiveCfg = Release|Any CPU
		{B3549FF4-72F2-4DD9-9184-C5130150AA3A}.Release|Any CPU.Build.0 = Release|Any CPU
	EndGlobalSection
	GlobalSection(SolutionProperties) = preSolution
		HideSolutionNode = FALSE
	EndGlobalSection
	GlobalSection(ExtensibilityGlobals) = postSolution
		SolutionGuid = {98BA964D-FEAF-4924-B494-BDAF9F303C47}
	EndGlobalSection
EndGlobal
